
Microsoft Visual Studio Solution File, Format Version 12.00
# Visual Studio Version 16
VisualStudioVersion = 16.0.29806.167
MinimumVisualStudioVersion = 10.0.40219.1
Project("{FAE04EC0-301F-11D3-BF4B-00C04F79EFBC}") = "TaskManager", "TaskManager\TaskManager.csproj", "{A83C12DD-96B6-4F89-99F6-CFA9DAA2D7E2}"
EndProject
Global
	GlobalSection(SolutionConfigurationPlatforms) = preSolution
		Debug|Any CPU = Debug|Any CPU
		Release|Any CPU = Release|Any CPU
	EndGlobalSection
	GlobalSection(ProjectConfigurationPlatforms) = postSolution
		{A83C12DD-96B6-4F89-99F6-CFA9DAA2D7E2}.Debug|Any CPU.ActiveCfg = Debug|Any CPU
		{A83C12DD-96B6-4F89-99F6-CFA9DAA2D7E2}.Debug|Any CPU.Build.0 = Debug|Any CPU
		{A83C12DD-96B6-4F89-99F6-CFA9DAA2D7E2}.Release|Any CPU.ActiveCfg = Release|Any CPU
		{A83C12DD-96B6-4F89-99F6-CFA9DAA2D7E2}.Release|Any CPU.Build.0 = Release|Any CPU
	EndGlobalSection
	GlobalSection(SolutionProperties) = preSolution
		HideSolutionNode = FALSE
	EndGlobalSection
	GlobalSection(ExtensibilityGlobals) = postSolution
		SolutionGuid = {884BCA76-55FC-45AD-A156-22D1ED8F24CB}
	EndGlobalSection
EndGlobal
